
Microsoft Visual Studio Solution File, Format Version 12.00
# Visual Studio Version 17
VisualStudioVersion = 17.7.34024.191
MinimumVisualStudioVersion = 10.0.40219.1
Project("{FAE04EC0-301F-11D3-BF4B-00C04F79EFBC}") = "FL2023-assignment2-amohalloran", "FL2023-assignment2-amohalloran\FL2023-assignment2-amohalloran.csproj", "{EAAFAEA4-5782-400C-8A97-69859CAEA278}"
EndProject
Global
	GlobalSection(SolutionConfigurationPlatforms) = preSolution
		Debug|Any CPU = Debug|Any CPU
		Release|Any CPU = Release|Any CPU
	EndGlobalSection
	GlobalSection(ProjectConfigurationPlatforms) = postSolution
		{EAAFAEA4-5782-400C-8A97-69859CAEA278}.Debug|Any CPU.ActiveCfg = Debug|Any CPU
		{EAAFAEA4-5782-400C-8A97-69859CAEA278}.Debug|Any CPU.Build.0 = Debug|Any CPU
		{EAAFAEA4-5782-400C-8A97-69859CAEA278}.Release|Any CPU.ActiveCfg = Release|Any CPU
		{EAAFAEA4-5782-400C-8A97-69859CAEA278}.Release|Any CPU.Build.0 = Release|Any CPU
	EndGlobalSection
	GlobalSection(SolutionProperties) = preSolution
		HideSolutionNode = FALSE
	EndGlobalSection
	GlobalSection(ExtensibilityGlobals) = postSolution
		SolutionGuid = {76269B63-9C81-43AC-B59D-972B28A4FFC0}
	EndGlobalSection
EndGlobal
